
Microsoft Visual Studio Solution File, Format Version 12.00
# Visual Studio Version 17
VisualStudioVersion = 17.1.32210.238
MinimumVisualStudioVersion = 10.0.40219.1
Project("{FAE04EC0-301F-11D3-BF4B-00C04F79EFBC}") = "ML", "ML\ML.csproj", "{34C6A026-23DA-4CE4-9ADB-AA6795011AA8}"
EndProject
Project("{FAE04EC0-301F-11D3-BF4B-00C04F79EFBC}") = "BL", "BL\BL.csproj", "{B1FC5C74-8DEA-43EF-BE01-30273A8939A0}"
EndProject
Project("{FAE04EC0-301F-11D3-BF4B-00C04F79EFBC}") = "DL", "DL\DL.csproj", "{D2F44B90-0964-46EA-AD8F-5F84FCC597F2}"
EndProject
Project("{FAE04EC0-301F-11D3-BF4B-00C04F79EFBC}") = "PL", "PL\PL.csproj", "{278A6D52-9DD2-428E-A3FE-C7B74833878F}"
EndProject
Global
	GlobalSection(SolutionConfigurationPlatforms) = preSolution
		Debug|Any CPU = Debug|Any CPU
		Release|Any CPU = Release|Any CPU
	EndGlobalSection
	GlobalSection(ProjectConfigurationPlatforms) = postSolution
		{34C6A026-23DA-4CE4-9ADB-AA6795011AA8}.Debug|Any CPU.ActiveCfg = Debug|Any CPU
		{34C6A026-23DA-4CE4-9ADB-AA6795011AA8}.Debug|Any CPU.Build.0 = Debug|Any CPU
		{34C6A026-23DA-4CE4-9ADB-AA6795011AA8}.Release|Any CPU.ActiveCfg = Release|Any CPU
		{34C6A026-23DA-4CE4-9ADB-AA6795011AA8}.Release|Any CPU.Build.0 = Release|Any CPU
		{B1FC5C74-8DEA-43EF-BE01-30273A8939A0}.Debug|Any CPU.ActiveCfg = Debug|Any CPU
		{B1FC5C74-8DEA-43EF-BE01-30273A8939A0}.Debug|Any CPU.Build.0 = Debug|Any CPU
		{B1FC5C74-8DEA-43EF-BE01-30273A8939A0}.Release|Any CPU.ActiveCfg = Release|Any CPU
		{B1FC5C74-8DEA-43EF-BE01-30273A8939A0}.Release|Any CPU.Build.0 = Release|Any CPU
		{D2F44B90-0964-46EA-AD8F-5F84FCC597F2}.Debug|Any CPU.ActiveCfg = Debug|Any CPU
		{D2F44B90-0964-46EA-AD8F-5F84FCC597F2}.Debug|Any CPU.Build.0 = Debug|Any CPU
		{D2F44B90-0964-46EA-AD8F-5F84FCC597F2}.Release|Any CPU.ActiveCfg = Release|Any CPU
		{D2F44B90-0964-46EA-AD8F-5F84FCC597F2}.Release|Any CPU.Build.0 = Release|Any CPU
		{278A6D52-9DD2-428E-A3FE-C7B74833878F}.Debug|Any CPU.ActiveCfg = Debug|Any CPU
		{278A6D52-9DD2-428E-A3FE-C7B74833878F}.Debug|Any CPU.Build.0 = Debug|Any CPU
		{278A6D52-9DD2-428E-A3FE-C7B74833878F}.Release|Any CPU.ActiveCfg = Release|Any CPU
		{278A6D52-9DD2-428E-A3FE-C7B74833878F}.Release|Any CPU.Build.0 = Release|Any CPU
	EndGlobalSection
	GlobalSection(SolutionProperties) = preSolution
		HideSolutionNode = FALSE
	EndGlobalSection
	GlobalSection(ExtensibilityGlobals) = postSolution
		SolutionGuid = {780C5417-3800-4DC8-B5FD-AE50626B42E5}
	EndGlobalSection
EndGlobal
